
Microsoft Visual Studio Solution File, Format Version 12.00
Project("{FAE04EC0-301F-11D3-BF4B-00C04F79EFBC}") = "TinyChat.Core.Domain", "src\TinyChat.Core.Domain\TinyChat.Core.Domain.csproj", "{674685B3-1FF1-49F5-A685-84BB5FBCF91D}"
EndProject
Global
	GlobalSection(SolutionConfigurationPlatforms) = preSolution
		Debug|Any CPU = Debug|Any CPU
		Release|Any CPU = Release|Any CPU
	EndGlobalSection
	GlobalSection(ProjectConfigurationPlatforms) = postSolution
		{674685B3-1FF1-49F5-A685-84BB5FBCF91D}.Debug|Any CPU.ActiveCfg = Debug|Any CPU
		{674685B3-1FF1-49F5-A685-84BB5FBCF91D}.Debug|Any CPU.Build.0 = Debug|Any CPU
		{674685B3-1FF1-49F5-A685-84BB5FBCF91D}.Release|Any CPU.ActiveCfg = Release|Any CPU
		{674685B3-1FF1-49F5-A685-84BB5FBCF91D}.Release|Any CPU.Build.0 = Release|Any CPU
	EndGlobalSection
EndGlobal
