
Microsoft Visual Studio Solution File, Format Version 12.00
Project("{FAE04EC0-301F-11D3-BF4B-00C04F79EFBC}") = "TinyChat.Core.Domain", "src\TinyChat.Core.Domain\TinyChat.Core.Domain.csproj", "{674685B3-1FF1-49F5-A685-84BB5FBCF91D}"
EndProject
Project("{2150E333-8FDC-42A3-9474-1A3956D46DE8}") = "Test", "Test", "{EF1D028D-31A7-4380-915E-6E129D040AC3}"
EndProject
Project("{FAE04EC0-301F-11D3-BF4B-00C04F79EFBC}") = "TinyChat.Core.Domain.Tests", "test\TinyChat.Core.Domain.Tests\TinyChat.Core.Domain.Tests.csproj", "{7688DC94-0B56-450D-890B-72C6C5976415}"
EndProject
Project("{FAE04EC0-301F-11D3-BF4B-00C04F79EFBC}") = "TinyChat.Core.Server", "src\TinyChat.Core.Server\TinyChat.Core.Server.csproj", "{8ED8761D-7489-4110-B5BD-8246AFB63EDA}"
EndProject
Project("{FAE04EC0-301F-11D3-BF4B-00C04F79EFBC}") = "TinyChat.Core.Client", "src\TinyChat.Core.Client\TinyChat.Core.Client.csproj", "{4AD474DA-4963-4234-9F18-C439DA261CE3}"
EndProject
Global
	GlobalSection(SolutionConfigurationPlatforms) = preSolution
		Debug|Any CPU = Debug|Any CPU
		Release|Any CPU = Release|Any CPU
	EndGlobalSection
	GlobalSection(ProjectConfigurationPlatforms) = postSolution
		{674685B3-1FF1-49F5-A685-84BB5FBCF91D}.Debug|Any CPU.ActiveCfg = Debug|Any CPU
		{674685B3-1FF1-49F5-A685-84BB5FBCF91D}.Debug|Any CPU.Build.0 = Debug|Any CPU
		{674685B3-1FF1-49F5-A685-84BB5FBCF91D}.Release|Any CPU.ActiveCfg = Release|Any CPU
		{674685B3-1FF1-49F5-A685-84BB5FBCF91D}.Release|Any CPU.Build.0 = Release|Any CPU
		{7688DC94-0B56-450D-890B-72C6C5976415}.Debug|Any CPU.ActiveCfg = Debug|Any CPU
		{7688DC94-0B56-450D-890B-72C6C5976415}.Debug|Any CPU.Build.0 = Debug|Any CPU
		{7688DC94-0B56-450D-890B-72C6C5976415}.Release|Any CPU.ActiveCfg = Release|Any CPU
		{7688DC94-0B56-450D-890B-72C6C5976415}.Release|Any CPU.Build.0 = Release|Any CPU
		{8ED8761D-7489-4110-B5BD-8246AFB63EDA}.Debug|Any CPU.ActiveCfg = Debug|Any CPU
		{8ED8761D-7489-4110-B5BD-8246AFB63EDA}.Debug|Any CPU.Build.0 = Debug|Any CPU
		{8ED8761D-7489-4110-B5BD-8246AFB63EDA}.Release|Any CPU.ActiveCfg = Release|Any CPU
		{8ED8761D-7489-4110-B5BD-8246AFB63EDA}.Release|Any CPU.Build.0 = Release|Any CPU
		{4AD474DA-4963-4234-9F18-C439DA261CE3}.Debug|Any CPU.ActiveCfg = Debug|Any CPU
		{4AD474DA-4963-4234-9F18-C439DA261CE3}.Debug|Any CPU.Build.0 = Debug|Any CPU
		{4AD474DA-4963-4234-9F18-C439DA261CE3}.Release|Any CPU.ActiveCfg = Release|Any CPU
		{4AD474DA-4963-4234-9F18-C439DA261CE3}.Release|Any CPU.Build.0 = Release|Any CPU
	EndGlobalSection
	GlobalSection(NestedProjects) = preSolution
		{7688DC94-0B56-450D-890B-72C6C5976415} = {EF1D028D-31A7-4380-915E-6E129D040AC3}
	EndGlobalSection
EndGlobal
